
Microsoft Visual Studio Solution File, Format Version 12.00
# Visual Studio Version 17
VisualStudioVersion = 17.5.33516.290
MinimumVisualStudioVersion = 10.0.40219.1
Project("{FAE04EC0-301F-11D3-BF4B-00C04F79EFBC}") = "DBWApp", "DBWApp\DBWApp.csproj", "{C0A2DF64-C9C0-4E2B-9176-49D841C251DD}"
EndProject
Global
	GlobalSection(SolutionConfigurationPlatforms) = preSolution
		Debug|Any CPU = Debug|Any CPU
		Release|Any CPU = Release|Any CPU
	EndGlobalSection
	GlobalSection(ProjectConfigurationPlatforms) = postSolution
		{C0A2DF64-C9C0-4E2B-9176-49D841C251DD}.Debug|Any CPU.ActiveCfg = Debug|Any CPU
		{C0A2DF64-C9C0-4E2B-9176-49D841C251DD}.Debug|Any CPU.Build.0 = Debug|Any CPU
		{C0A2DF64-C9C0-4E2B-9176-49D841C251DD}.Release|Any CPU.ActiveCfg = Release|Any CPU
		{C0A2DF64-C9C0-4E2B-9176-49D841C251DD}.Release|Any CPU.Build.0 = Release|Any CPU
	EndGlobalSection
	GlobalSection(SolutionProperties) = preSolution
		HideSolutionNode = FALSE
	EndGlobalSection
	GlobalSection(ExtensibilityGlobals) = postSolution
		SolutionGuid = {DAB77DCE-52DE-4AEF-9DE3-91DCCD4A3603}
	EndGlobalSection
EndGlobal
